
Microsoft Visual Studio Solution File, Format Version 12.00
# Visual Studio Version 17
VisualStudioVersion = 17.10.35122.118
MinimumVisualStudioVersion = 10.0.40219.1
Project("{8BC9CEB8-8B4A-11D0-8D11-00A0C91BC942}") = "A. Самый дешёвый путь", "A. Самый дешёвый путь\A. Самый дешёвый путь.vcxproj", "{6EF13982-847A-4DAA-8A96-A1C64845215E}"
EndProject
Global
	GlobalSection(SolutionConfigurationPlatforms) = preSolution
		Debug|x64 = Debug|x64
		Debug|x86 = Debug|x86
		Release|x64 = Release|x64
		Release|x86 = Release|x86
	EndGlobalSection
	GlobalSection(ProjectConfigurationPlatforms) = postSolution
		{6EF13982-847A-4DAA-8A96-A1C64845215E}.Debug|x64.ActiveCfg = Debug|x64
		{6EF13982-847A-4DAA-8A96-A1C64845215E}.Debug|x64.Build.0 = Debug|x64
		{6EF13982-847A-4DAA-8A96-A1C64845215E}.Debug|x86.ActiveCfg = Debug|Win32
		{6EF13982-847A-4DAA-8A96-A1C64845215E}.Debug|x86.Build.0 = Debug|Win32
		{6EF13982-847A-4DAA-8A96-A1C64845215E}.Release|x64.ActiveCfg = Release|x64
		{6EF13982-847A-4DAA-8A96-A1C64845215E}.Release|x64.Build.0 = Release|x64
		{6EF13982-847A-4DAA-8A96-A1C64845215E}.Release|x86.ActiveCfg = Release|Win32
		{6EF13982-847A-4DAA-8A96-A1C64845215E}.Release|x86.Build.0 = Release|Win32
	EndGlobalSection
	GlobalSection(SolutionProperties) = preSolution
		HideSolutionNode = FALSE
	EndGlobalSection
	GlobalSection(ExtensibilityGlobals) = postSolution
		SolutionGuid = {B468B8C7-590D-454F-ACE6-C33223A1A548}
	EndGlobalSection
EndGlobal
